{"1.2.0",
[{<<"bcrypte">>,
  {git,"https://github.com/ts-klassen/bcrypte.git",
       {ref,"5be51738e1d199e09c95c092daa21ce7ebe1d28d"}},
  0},
 {<<"cowboy">>,
  {git,"https://github.com/ninenines/cowboy.git",
       {ref,"81f3a21474155f68fbf494b7026b9678027d303e"}},
  0},
 {<<"cowlib">>,
  {git,"https://github.com/ninenines/cowlib",
       {ref,"cc04201c1d0e1d5603cd1cde037ab729b192634c"}},
  1},
 {<<"embe">>,
  {git,"https://github.com/ts-klassen/embe.git",
       {ref,"3e4bbda394f6d207995aa259dcce9c2283897285"}},
  0},
 {<<"gpte">>,
  {git,"https://github.com/ts-klassen/gpte.git",
       {ref,"081408d0788ccc156c8843bcb85e933d2350062c"}},
  1},
 {<<"jsone">>,
  {git,"https://github.com/sile/jsone.git",
       {ref,"e25344b6c202dd7ffe520c0fb623c1ac53b637df"}},
  1},
 {<<"klsn">>,
  {git,"https://github.com/ts-klassen/klsn.git",
       {ref,"50f0b38572c0cce307ccc5405543461e3659250a"}},
  0},
 {<<"observer_cli">>,{pkg,<<"observer_cli">>,<<"1.8.0">>},0},
 {<<"ranch">>,
  {git,"https://github.com/ninenines/ranch",
       {ref,"a692f44567034dacf5efcaa24a24183788594eb7"}},
  1},
 {<<"recon">>,{pkg,<<"recon">>,<<"2.5.6">>},1}]}.
[
{pkg_hash,[
 {<<"observer_cli">>, <<"1359409C4B25B11360DB56BC3103CFB51F3A4B3AEA76EC58C7B8595FEB5D6019">>},
 {<<"recon">>, <<"9052588E83BFEDFD9B72E1034532AEE2A5369D9D9343B61AEB7FBCE761010741">>}]},
{pkg_hash_ext,[
 {<<"observer_cli">>, <<"9842759B11360819DD0E6E60173C39C1E6AAEF4B20FA6FE9B4700E3E02911B83">>},
 {<<"recon">>, <<"96C6799792D735CC0F0FD0F86267E9D351E63339CBE03DF9D162010CEFC26BB0">>}]}
].
